
Microsoft Visual Studio Solution File, Format Version 12.00
# Visual Studio Version 16
VisualStudioVersion = 16.0.30804.86
MinimumVisualStudioVersion = 10.0.40219.1
Project("{2150E333-8FDC-42A3-9474-1A3956D46DE8}") = "Services", "Services", "{A429EFDA-BB2E-4385-905F-577BB01D102E}"
EndProject
Project("{2150E333-8FDC-42A3-9474-1A3956D46DE8}") = "Domains", "Domains", "{7AD886AF-AABD-47B4-8EB1-744F74690EBB}"
EndProject
Project("{2150E333-8FDC-42A3-9474-1A3956D46DE8}") = "infrastructrues", "infrastructrues", "{C0A81E22-01E3-42D3-93D1-F9F2C78755C3}"
EndProject
Project("{2150E333-8FDC-42A3-9474-1A3956D46DE8}") = "Tools", "Tools", "{6C59F00D-FE8A-48F3-805D-083E6F0B5409}"
EndProject
Project("{2150E333-8FDC-42A3-9474-1A3956D46DE8}") = "Applications", "Applications", "{A613044F-82A5-4658-B85B-F54FA5134FE4}"
EndProject
Project("{9A19103F-16F7-4668-BE54-9A1E7A4F7556}") = "GateWay", "src\Services\GateWay\GateWay.csproj", "{CD71AFA7-D679-4979-95AE-50D4F171DB13}"
EndProject
Project("{2150E333-8FDC-42A3-9474-1A3956D46DE8}") = "Units", "Units", "{0AD312F8-B104-4A2F-8BB2-1A3E3C6BA9CB}"
EndProject
Project("{9A19103F-16F7-4668-BE54-9A1E7A4F7556}") = "IdentityCenter", "src\Services\IdentityCenter\IdentityCenter.csproj", "{35546AC4-FCE7-4640-AC27-9AFDA45741FE}"
EndProject
Project("{9A19103F-16F7-4668-BE54-9A1E7A4F7556}") = "CommonUnit", "src\infrastructrues\CommonUnit\CommonUnit.csproj", "{555872AB-3E5C-4318-941D-F18D57BE974E}"
EndProject
Project("{9A19103F-16F7-4668-BE54-9A1E7A4F7556}") = "ConsulUnit", "src\infrastructrues\ConsulUnit\ConsulUnit.csproj", "{38299EDC-C9E1-408C-A46C-6F3A869C9839}"
EndProject
Project("{9A19103F-16F7-4668-BE54-9A1E7A4F7556}") = "RabbitMqUnit", "src\infrastructrues\RabbitMqUnit\RabbitMqUnit.csproj", "{FA812175-9400-4A38-A165-9BEE681A1244}"
EndProject
Project("{2150E333-8FDC-42A3-9474-1A3956D46DE8}") = "OcelotUnit", "OcelotUnit", "{349C01E5-D3C0-4A82-A915-8EAAF15B6C4C}"
EndProject
Project("{9A19103F-16F7-4668-BE54-9A1E7A4F7556}") = "Ocelot", "src\infrastructrues\Ocelot\src\Ocelot\Ocelot.csproj", "{8479A0F6-53B9-4F41-BA8D-7871534EEE0D}"
EndProject
Project("{9A19103F-16F7-4668-BE54-9A1E7A4F7556}") = "Ocelot.Provider.Consul", "src\infrastructrues\Ocelot\src\Ocelot.Provider.Consul\Ocelot.Provider.Consul.csproj", "{9272C473-B30D-4EF7-B0BC-001EE3BFA16D}"
EndProject
Project("{9A19103F-16F7-4668-BE54-9A1E7A4F7556}") = "IdentityService4Unit", "src\infrastructrues\IdentityService4Conf\IdentityService4Unit.csproj", "{AC1B1B08-0ADC-484F-BB56-39D930C70323}"
EndProject
Project("{9A19103F-16F7-4668-BE54-9A1E7A4F7556}") = "RedisUnit", "src\infrastructrues\RedisUnit\RedisUnit.csproj", "{76CE978C-03CF-467D-9D75-F0764A8A3CD3}"
EndProject
Project("{9A19103F-16F7-4668-BE54-9A1E7A4F7556}") = "CacheUnit", "src\infrastructrues\CacheUnit\CacheUnit.csproj", "{BEEA0E4B-8C7A-4649-B019-AF439AA36695}"
EndProject
Project("{9A19103F-16F7-4668-BE54-9A1E7A4F7556}") = "HangFireUnit", "src\infrastructrues\HangFireUnit\HangFireUnit.csproj", "{9662494C-4038-4213-AA5D-110722C1BA89}"
EndProject
Project("{9A19103F-16F7-4668-BE54-9A1E7A4F7556}") = "ExceptionlessUnit", "src\infrastructrues\Exceptionless\ExceptionlessUnit.csproj", "{752F4A2A-EF8D-4B6F-BC62-FCC4A88D83ED}"
EndProject
Project("{9A19103F-16F7-4668-BE54-9A1E7A4F7556}") = "SwaggersUnit", "src\infrastructrues\SwaggersUnit\SwaggersUnit.csproj", "{EDB47DFD-57BF-4AD1-9311-C829F0C83C3C}"
EndProject
Project("{9A19103F-16F7-4668-BE54-9A1E7A4F7556}") = "SkyWalkingUnit", "src\infrastructrues\SkyWalkingUnit\SkyWalkingUnit.csproj", "{19E3DD18-20F2-4289-8225-CDD773FF27A1}"
EndProject
Project("{9A19103F-16F7-4668-BE54-9A1E7A4F7556}") = "EfCoreUnit", "src\infrastructrues\EfCoreUnit\EfCoreUnit.csproj", "{E85AA5D2-D5E0-4D4A-B8BC-BB52458790D1}"
EndProject
Project("{2150E333-8FDC-42A3-9474-1A3956D46DE8}") = "InfrastructrueBus", "InfrastructrueBus", "{548D9A27-73D2-4F86-9836-63690E78E387}"
EndProject
Project("{9A19103F-16F7-4668-BE54-9A1E7A4F7556}") = "ABPUnit", "src\infrastructrues\ABPUnit\ABPUnit.csproj", "{F9621C4A-5809-4CAF-9E46-35EEF115B863}"
EndProject
Project("{9A19103F-16F7-4668-BE54-9A1E7A4F7556}") = "CommonConfBus", "src\InfrastuctrueBus\CommonConfBus\CommonConfBus.csproj", "{A8F746ED-F9EB-44DE-AF0D-AB17327B5C08}"
EndProject
Project("{9A19103F-16F7-4668-BE54-9A1E7A4F7556}") = "Domain.User", "src\Domains\UserDomain\Domain.User.csproj", "{A2F8FA1C-C66E-4FCF-92FD-B54B5C4DC174}"
EndProject
Project("{9A19103F-16F7-4668-BE54-9A1E7A4F7556}") = "Applicatiion.UserService", "src\Applications\UserService\Applicatiion.UserService.csproj", "{01C4BF91-18E4-44CC-8B05-3FF32182DCC2}"
EndProject
Project("{9A19103F-16F7-4668-BE54-9A1E7A4F7556}") = "Applicatiion.UserServiceContracts", "src\Applications\IUserService\Applicatiion.UserServiceContracts.csproj", "{EB8638DE-4BBC-4749-A488-F902E1B810BF}"
EndProject
Project("{2150E333-8FDC-42A3-9474-1A3956D46DE8}") = "EFCcore", "EFCcore", "{65724BD4-684E-45FB-B7D1-673B89D9654C}"
EndProject
Project("{9A19103F-16F7-4668-BE54-9A1E7A4F7556}") = "EFCore.User", "src\InfrastuctrueBus\EFCore\UserEFCore\EFCore.User.csproj", "{A4E9EEF5-8427-4615-95CB-B10CB509B997}"
EndProject
Project("{9A19103F-16F7-4668-BE54-9A1E7A4F7556}") = "UserService", "src\Services\UserService\UserService.csproj", "{D81806C6-3E93-453D-B9D5-DC7C947B72B9}"
EndProject
Project("{9A19103F-16F7-4668-BE54-9A1E7A4F7556}") = "ABPEFCoreMySqlUnit", "src\infrastructrues\ABPEFCoreMySqlUnit\ABPEFCoreMySqlUnit.csproj", "{ABA49CF7-1104-4A12-8CFD-8A9BF828CB38}"
EndProject
Project("{FAE04EC0-301F-11D3-BF4B-00C04F79EFBC}") = "Domain.User.Share", "src\Domains\Domain.User.Share\Domain.User.Share.csproj", "{4AA77F87-63D8-427E-8FBD-0DF53FAC5E96}"
EndProject
Global
	GlobalSection(SolutionConfigurationPlatforms) = preSolution
		Debug|Any CPU = Debug|Any CPU
		Release|Any CPU = Release|Any CPU
	EndGlobalSection
	GlobalSection(ProjectConfigurationPlatforms) = postSolution
		{CD71AFA7-D679-4979-95AE-50D4F171DB13}.Debug|Any CPU.ActiveCfg = Debug|Any CPU
		{CD71AFA7-D679-4979-95AE-50D4F171DB13}.Debug|Any CPU.Build.0 = Debug|Any CPU
		{CD71AFA7-D679-4979-95AE-50D4F171DB13}.Release|Any CPU.ActiveCfg = Release|Any CPU
		{CD71AFA7-D679-4979-95AE-50D4F171DB13}.Release|Any CPU.Build.0 = Release|Any CPU
		{35546AC4-FCE7-4640-AC27-9AFDA45741FE}.Debug|Any CPU.ActiveCfg = Debug|Any CPU
		{35546AC4-FCE7-4640-AC27-9AFDA45741FE}.Debug|Any CPU.Build.0 = Debug|Any CPU
		{35546AC4-FCE7-4640-AC27-9AFDA45741FE}.Release|Any CPU.ActiveCfg = Release|Any CPU
		{35546AC4-FCE7-4640-AC27-9AFDA45741FE}.Release|Any CPU.Build.0 = Release|Any CPU
		{555872AB-3E5C-4318-941D-F18D57BE974E}.Debug|Any CPU.ActiveCfg = Debug|Any CPU
		{555872AB-3E5C-4318-941D-F18D57BE974E}.Debug|Any CPU.Build.0 = Debug|Any CPU
		{555872AB-3E5C-4318-941D-F18D57BE974E}.Release|Any CPU.ActiveCfg = Release|Any CPU
		{555872AB-3E5C-4318-941D-F18D57BE974E}.Release|Any CPU.Build.0 = Release|Any CPU
		{38299EDC-C9E1-408C-A46C-6F3A869C9839}.Debug|Any CPU.ActiveCfg = Debug|Any CPU
		{38299EDC-C9E1-408C-A46C-6F3A869C9839}.Debug|Any CPU.Build.0 = Debug|Any CPU
		{38299EDC-C9E1-408C-A46C-6F3A869C9839}.Release|Any CPU.ActiveCfg = Release|Any CPU
		{38299EDC-C9E1-408C-A46C-6F3A869C9839}.Release|Any CPU.Build.0 = Release|Any CPU
		{FA812175-9400-4A38-A165-9BEE681A1244}.Debug|Any CPU.ActiveCfg = Debug|Any CPU
		{FA812175-9400-4A38-A165-9BEE681A1244}.Debug|Any CPU.Build.0 = Debug|Any CPU
		{FA812175-9400-4A38-A165-9BEE681A1244}.Release|Any CPU.ActiveCfg = Release|Any CPU
		{FA812175-9400-4A38-A165-9BEE681A1244}.Release|Any CPU.Build.0 = Release|Any CPU
		{8479A0F6-53B9-4F41-BA8D-7871534EEE0D}.Debug|Any CPU.ActiveCfg = Debug|Any CPU
		{8479A0F6-53B9-4F41-BA8D-7871534EEE0D}.Debug|Any CPU.Build.0 = Debug|Any CPU
		{8479A0F6-53B9-4F41-BA8D-7871534EEE0D}.Release|Any CPU.ActiveCfg = Release|Any CPU
		{8479A0F6-53B9-4F41-BA8D-7871534EEE0D}.Release|Any CPU.Build.0 = Release|Any CPU
		{9272C473-B30D-4EF7-B0BC-001EE3BFA16D}.Debug|Any CPU.ActiveCfg = Debug|Any CPU
		{9272C473-B30D-4EF7-B0BC-001EE3BFA16D}.Debug|Any CPU.Build.0 = Debug|Any CPU
		{9272C473-B30D-4EF7-B0BC-001EE3BFA16D}.Release|Any CPU.ActiveCfg = Release|Any CPU
		{9272C473-B30D-4EF7-B0BC-001EE3BFA16D}.Release|Any CPU.Build.0 = Release|Any CPU
		{AC1B1B08-0ADC-484F-BB56-39D930C70323}.Debug|Any CPU.ActiveCfg = Debug|Any CPU
		{AC1B1B08-0ADC-484F-BB56-39D930C70323}.Debug|Any CPU.Build.0 = Debug|Any CPU
		{AC1B1B08-0ADC-484F-BB56-39D930C70323}.Release|Any CPU.ActiveCfg = Release|Any CPU
		{AC1B1B08-0ADC-484F-BB56-39D930C70323}.Release|Any CPU.Build.0 = Release|Any CPU
		{76CE978C-03CF-467D-9D75-F0764A8A3CD3}.Debug|Any CPU.ActiveCfg = Debug|Any CPU
		{76CE978C-03CF-467D-9D75-F0764A8A3CD3}.Debug|Any CPU.Build.0 = Debug|Any CPU
		{76CE978C-03CF-467D-9D75-F0764A8A3CD3}.Release|Any CPU.ActiveCfg = Release|Any CPU
		{76CE978C-03CF-467D-9D75-F0764A8A3CD3}.Release|Any CPU.Build.0 = Release|Any CPU
		{BEEA0E4B-8C7A-4649-B019-AF439AA36695}.Debug|Any CPU.ActiveCfg = Debug|Any CPU
		{BEEA0E4B-8C7A-4649-B019-AF439AA36695}.Debug|Any CPU.Build.0 = Debug|Any CPU
		{BEEA0E4B-8C7A-4649-B019-AF439AA36695}.Release|Any CPU.ActiveCfg = Release|Any CPU
		{BEEA0E4B-8C7A-4649-B019-AF439AA36695}.Release|Any CPU.Build.0 = Release|Any CPU
		{9662494C-4038-4213-AA5D-110722C1BA89}.Debug|Any CPU.ActiveCfg = Debug|Any CPU
		{9662494C-4038-4213-AA5D-110722C1BA89}.Debug|Any CPU.Build.0 = Debug|Any CPU
		{9662494C-4038-4213-AA5D-110722C1BA89}.Release|Any CPU.ActiveCfg = Release|Any CPU
		{9662494C-4038-4213-AA5D-110722C1BA89}.Release|Any CPU.Build.0 = Release|Any CPU
		{752F4A2A-EF8D-4B6F-BC62-FCC4A88D83ED}.Debug|Any CPU.ActiveCfg = Debug|Any CPU
		{752F4A2A-EF8D-4B6F-BC62-FCC4A88D83ED}.Debug|Any CPU.Build.0 = Debug|Any CPU
		{752F4A2A-EF8D-4B6F-BC62-FCC4A88D83ED}.Release|Any CPU.ActiveCfg = Release|Any CPU
		{752F4A2A-EF8D-4B6F-BC62-FCC4A88D83ED}.Release|Any CPU.Build.0 = Release|Any CPU
		{EDB47DFD-57BF-4AD1-9311-C829F0C83C3C}.Debug|Any CPU.ActiveCfg = Debug|Any CPU
		{EDB47DFD-57BF-4AD1-9311-C829F0C83C3C}.Debug|Any CPU.Build.0 = Debug|Any CPU
		{EDB47DFD-57BF-4AD1-9311-C829F0C83C3C}.Release|Any CPU.ActiveCfg = Release|Any CPU
		{EDB47DFD-57BF-4AD1-9311-C829F0C83C3C}.Release|Any CPU.Build.0 = Release|Any CPU
		{19E3DD18-20F2-4289-8225-CDD773FF27A1}.Debug|Any CPU.ActiveCfg = Debug|Any CPU
		{19E3DD18-20F2-4289-8225-CDD773FF27A1}.Debug|Any CPU.Build.0 = Debug|Any CPU
		{19E3DD18-20F2-4289-8225-CDD773FF27A1}.Release|Any CPU.ActiveCfg = Release|Any CPU
		{19E3DD18-20F2-4289-8225-CDD773FF27A1}.Release|Any CPU.Build.0 = Release|Any CPU
		{E85AA5D2-D5E0-4D4A-B8BC-BB52458790D1}.Debug|Any CPU.ActiveCfg = Debug|Any CPU
		{E85AA5D2-D5E0-4D4A-B8BC-BB52458790D1}.Debug|Any CPU.Build.0 = Debug|Any CPU
		{E85AA5D2-D5E0-4D4A-B8BC-BB52458790D1}.Release|Any CPU.ActiveCfg = Release|Any CPU
		{E85AA5D2-D5E0-4D4A-B8BC-BB52458790D1}.Release|Any CPU.Build.0 = Release|Any CPU
		{F9621C4A-5809-4CAF-9E46-35EEF115B863}.Debug|Any CPU.ActiveCfg = Debug|Any CPU
		{F9621C4A-5809-4CAF-9E46-35EEF115B863}.Debug|Any CPU.Build.0 = Debug|Any CPU
		{F9621C4A-5809-4CAF-9E46-35EEF115B863}.Release|Any CPU.ActiveCfg = Release|Any CPU
		{F9621C4A-5809-4CAF-9E46-35EEF115B863}.Release|Any CPU.Build.0 = Release|Any CPU
		{A8F746ED-F9EB-44DE-AF0D-AB17327B5C08}.Debug|Any CPU.ActiveCfg = Debug|Any CPU
		{A8F746ED-F9EB-44DE-AF0D-AB17327B5C08}.Debug|Any CPU.Build.0 = Debug|Any CPU
		{A8F746ED-F9EB-44DE-AF0D-AB17327B5C08}.Release|Any CPU.ActiveCfg = Release|Any CPU
		{A8F746ED-F9EB-44DE-AF0D-AB17327B5C08}.Release|Any CPU.Build.0 = Release|Any CPU
		{A2F8FA1C-C66E-4FCF-92FD-B54B5C4DC174}.Debug|Any CPU.ActiveCfg = Debug|Any CPU
		{A2F8FA1C-C66E-4FCF-92FD-B54B5C4DC174}.Debug|Any CPU.Build.0 = Debug|Any CPU
		{A2F8FA1C-C66E-4FCF-92FD-B54B5C4DC174}.Release|Any CPU.ActiveCfg = Release|Any CPU
		{A2F8FA1C-C66E-4FCF-92FD-B54B5C4DC174}.Release|Any CPU.Build.0 = Release|Any CPU
		{01C4BF91-18E4-44CC-8B05-3FF32182DCC2}.Debug|Any CPU.ActiveCfg = Debug|Any CPU
		{01C4BF91-18E4-44CC-8B05-3FF32182DCC2}.Debug|Any CPU.Build.0 = Debug|Any CPU
		{01C4BF91-18E4-44CC-8B05-3FF32182DCC2}.Release|Any CPU.ActiveCfg = Release|Any CPU
		{01C4BF91-18E4-44CC-8B05-3FF32182DCC2}.Release|Any CPU.Build.0 = Release|Any CPU
		{EB8638DE-4BBC-4749-A488-F902E1B810BF}.Debug|Any CPU.ActiveCfg = Debug|Any CPU
		{EB8638DE-4BBC-4749-A488-F902E1B810BF}.Debug|Any CPU.Build.0 = Debug|Any CPU
		{EB8638DE-4BBC-4749-A488-F902E1B810BF}.Release|Any CPU.ActiveCfg = Release|Any CPU
		{EB8638DE-4BBC-4749-A488-F902E1B810BF}.Release|Any CPU.Build.0 = Release|Any CPU
		{A4E9EEF5-8427-4615-95CB-B10CB509B997}.Debug|Any CPU.ActiveCfg = Debug|Any CPU
		{A4E9EEF5-8427-4615-95CB-B10CB509B997}.Debug|Any CPU.Build.0 = Debug|Any CPU
		{A4E9EEF5-8427-4615-95CB-B10CB509B997}.Release|Any CPU.ActiveCfg = Release|Any CPU
		{A4E9EEF5-8427-4615-95CB-B10CB509B997}.Release|Any CPU.Build.0 = Release|Any CPU
		{D81806C6-3E93-453D-B9D5-DC7C947B72B9}.Debug|Any CPU.ActiveCfg = Debug|Any CPU
		{D81806C6-3E93-453D-B9D5-DC7C947B72B9}.Debug|Any CPU.Build.0 = Debug|Any CPU
		{D81806C6-3E93-453D-B9D5-DC7C947B72B9}.Release|Any CPU.ActiveCfg = Release|Any CPU
		{D81806C6-3E93-453D-B9D5-DC7C947B72B9}.Release|Any CPU.Build.0 = Release|Any CPU
		{ABA49CF7-1104-4A12-8CFD-8A9BF828CB38}.Debug|Any CPU.ActiveCfg = Debug|Any CPU
		{ABA49CF7-1104-4A12-8CFD-8A9BF828CB38}.Debug|Any CPU.Build.0 = Debug|Any CPU
		{ABA49CF7-1104-4A12-8CFD-8A9BF828CB38}.Release|Any CPU.ActiveCfg = Release|Any CPU
		{ABA49CF7-1104-4A12-8CFD-8A9BF828CB38}.Release|Any CPU.Build.0 = Release|Any CPU
		{4AA77F87-63D8-427E-8FBD-0DF53FAC5E96}.Debug|Any CPU.ActiveCfg = Debug|Any CPU
		{4AA77F87-63D8-427E-8FBD-0DF53FAC5E96}.Debug|Any CPU.Build.0 = Debug|Any CPU
		{4AA77F87-63D8-427E-8FBD-0DF53FAC5E96}.Release|Any CPU.ActiveCfg = Release|Any CPU
		{4AA77F87-63D8-427E-8FBD-0DF53FAC5E96}.Release|Any CPU.Build.0 = Release|Any CPU
	EndGlobalSection
	GlobalSection(SolutionProperties) = preSolution
		HideSolutionNode = FALSE
	EndGlobalSection
	GlobalSection(NestedProjects) = preSolution
		{6C59F00D-FE8A-48F3-805D-083E6F0B5409} = {C0A81E22-01E3-42D3-93D1-F9F2C78755C3}
		{CD71AFA7-D679-4979-95AE-50D4F171DB13} = {A429EFDA-BB2E-4385-905F-577BB01D102E}
		{0AD312F8-B104-4A2F-8BB2-1A3E3C6BA9CB} = {C0A81E22-01E3-42D3-93D1-F9F2C78755C3}
		{35546AC4-FCE7-4640-AC27-9AFDA45741FE} = {A429EFDA-BB2E-4385-905F-577BB01D102E}
		{555872AB-3E5C-4318-941D-F18D57BE974E} = {6C59F00D-FE8A-48F3-805D-083E6F0B5409}
		{38299EDC-C9E1-408C-A46C-6F3A869C9839} = {0AD312F8-B104-4A2F-8BB2-1A3E3C6BA9CB}
		{FA812175-9400-4A38-A165-9BEE681A1244} = {0AD312F8-B104-4A2F-8BB2-1A3E3C6BA9CB}
		{349C01E5-D3C0-4A82-A915-8EAAF15B6C4C} = {0AD312F8-B104-4A2F-8BB2-1A3E3C6BA9CB}
		{8479A0F6-53B9-4F41-BA8D-7871534EEE0D} = {349C01E5-D3C0-4A82-A915-8EAAF15B6C4C}
		{9272C473-B30D-4EF7-B0BC-001EE3BFA16D} = {349C01E5-D3C0-4A82-A915-8EAAF15B6C4C}
		{AC1B1B08-0ADC-484F-BB56-39D930C70323} = {0AD312F8-B104-4A2F-8BB2-1A3E3C6BA9CB}
		{76CE978C-03CF-467D-9D75-F0764A8A3CD3} = {0AD312F8-B104-4A2F-8BB2-1A3E3C6BA9CB}
		{BEEA0E4B-8C7A-4649-B019-AF439AA36695} = {0AD312F8-B104-4A2F-8BB2-1A3E3C6BA9CB}
		{9662494C-4038-4213-AA5D-110722C1BA89} = {0AD312F8-B104-4A2F-8BB2-1A3E3C6BA9CB}
		{752F4A2A-EF8D-4B6F-BC62-FCC4A88D83ED} = {0AD312F8-B104-4A2F-8BB2-1A3E3C6BA9CB}
		{EDB47DFD-57BF-4AD1-9311-C829F0C83C3C} = {0AD312F8-B104-4A2F-8BB2-1A3E3C6BA9CB}
		{19E3DD18-20F2-4289-8225-CDD773FF27A1} = {0AD312F8-B104-4A2F-8BB2-1A3E3C6BA9CB}
		{E85AA5D2-D5E0-4D4A-B8BC-BB52458790D1} = {0AD312F8-B104-4A2F-8BB2-1A3E3C6BA9CB}
		{F9621C4A-5809-4CAF-9E46-35EEF115B863} = {0AD312F8-B104-4A2F-8BB2-1A3E3C6BA9CB}
		{A8F746ED-F9EB-44DE-AF0D-AB17327B5C08} = {548D9A27-73D2-4F86-9836-63690E78E387}
		{A2F8FA1C-C66E-4FCF-92FD-B54B5C4DC174} = {7AD886AF-AABD-47B4-8EB1-744F74690EBB}
		{01C4BF91-18E4-44CC-8B05-3FF32182DCC2} = {A613044F-82A5-4658-B85B-F54FA5134FE4}
		{EB8638DE-4BBC-4749-A488-F902E1B810BF} = {A613044F-82A5-4658-B85B-F54FA5134FE4}
		{A4E9EEF5-8427-4615-95CB-B10CB509B997} = {65724BD4-684E-45FB-B7D1-673B89D9654C}
		{D81806C6-3E93-453D-B9D5-DC7C947B72B9} = {A429EFDA-BB2E-4385-905F-577BB01D102E}
		{ABA49CF7-1104-4A12-8CFD-8A9BF828CB38} = {548D9A27-73D2-4F86-9836-63690E78E387}
		{4AA77F87-63D8-427E-8FBD-0DF53FAC5E96} = {7AD886AF-AABD-47B4-8EB1-744F74690EBB}
	EndGlobalSection
	GlobalSection(ExtensibilityGlobals) = postSolution
		SolutionGuid = {F8AA215A-F185-4615-A696-11EB3184D049}
	EndGlobalSection
EndGlobal
